// !$*UTF8*$!
{
	archiveVersion = 1;
	classes = {
	};
	objectVersion = 51;
	objects = {

/* Begin PBXBuildFile section */
		0BC7E3384938588470DEBCDD /* Pods_EntertainyaTests.framework in Frameworks */ = {isa = PBXBuildFile; fileRef = 45532813B7A92F2CE6CCE02A /* Pods_EntertainyaTests.framework */; };
		2D251EB325CBFB8E00771403 /* SectionTitleView.swift in Sources */ = {isa = PBXBuildFile; fileRef = 2D251EB125CBFB8E00771403 /* SectionTitleView.swift */; };
		2D251EB425CBFB8E00771403 /* SectionTitleView.xib in Resources */ = {isa = PBXBuildFile; fileRef = 2D251EB225CBFB8E00771403 /* SectionTitleView.xib */; };
		2D450BB325C7FCFD00FD4F0F /* Home.storyboard in Resources */ = {isa = PBXBuildFile; fileRef = 2D450BB225C7FCFD00FD4F0F /* Home.storyboard */; };
		2D450E3B25C9F62300FD4F0F /* HomeDataSource.swift in Sources */ = {isa = PBXBuildFile; fileRef = 2D450E3A25C9F62300FD4F0F /* HomeDataSource.swift */; };
		2D6A152C25CA012700523320 /* Movie.storyboard in Resources */ = {isa = PBXBuildFile; fileRef = 2D6A152B25CA012700523320 /* Movie.storyboard */; };
		2D6A154025CA014800523320 /* MoviePresenter.swift in Sources */ = {isa = PBXBuildFile; fileRef = 2D6A153C25CA014800523320 /* MoviePresenter.swift */; };
		2D6A154125CA014800523320 /* MovieRouter.swift in Sources */ = {isa = PBXBuildFile; fileRef = 2D6A153D25CA014800523320 /* MovieRouter.swift */; };
		2D6A154225CA014800523320 /* MovieViewController.swift in Sources */ = {isa = PBXBuildFile; fileRef = 2D6A153E25CA014800523320 /* MovieViewController.swift */; };
		2D6A154325CA014800523320 /* MovieInteractor.swift in Sources */ = {isa = PBXBuildFile; fileRef = 2D6A153F25CA014800523320 /* MovieInteractor.swift */; };
		2D6A154925CA015B00523320 /* MovieAssembly.swift in Sources */ = {isa = PBXBuildFile; fileRef = 2D6A154825CA015B00523320 /* MovieAssembly.swift */; };
		2D6A154D25CA016700523320 /* MovieStoryboard.swift in Sources */ = {isa = PBXBuildFile; fileRef = 2D6A154C25CA016700523320 /* MovieStoryboard.swift */; };
		2D6A158D25CA9CAC00523320 /* NavigationController.swift in Sources */ = {isa = PBXBuildFile; fileRef = 2D6A158C25CA9CAC00523320 /* NavigationController.swift */; };
		2D6A159125CAA9BF00523320 /* Colors.xcassets in Resources */ = {isa = PBXBuildFile; fileRef = 2D6A159025CAA9BF00523320 /* Colors.xcassets */; };
		2D6A168C25CB3B6F00523320 /* LanguageHelper.swift in Sources */ = {isa = PBXBuildFile; fileRef = 2D6A168B25CB3B6F00523320 /* LanguageHelper.swift */; };
		2D6A169525CB3D8000523320 /* MovieCollectionViewCell.swift in Sources */ = {isa = PBXBuildFile; fileRef = 2D6A169325CB3D8000523320 /* MovieCollectionViewCell.swift */; };
		2D6A169625CB3D8000523320 /* MovieCollectionViewCell.xib in Resources */ = {isa = PBXBuildFile; fileRef = 2D6A169425CB3D8000523320 /* MovieCollectionViewCell.xib */; };
		8A2B4AEB25C58D0D0022299D /* AppDelegate.swift in Sources */ = {isa = PBXBuildFile; fileRef = 8A2B4AEA25C58D0D0022299D /* AppDelegate.swift */; };
		8A2B4AF425C58D130022299D /* Assets.xcassets in Resources */ = {isa = PBXBuildFile; fileRef = 8A2B4AF325C58D130022299D /* Assets.xcassets */; };
		8A2B4AF725C58D130022299D /* LaunchScreen.storyboard in Resources */ = {isa = PBXBuildFile; fileRef = 8A2B4AF525C58D130022299D /* LaunchScreen.storyboard */; };
		8A2B4B0225C58D130022299D /* EntertainyaTests.swift in Sources */ = {isa = PBXBuildFile; fileRef = 8A2B4B0125C58D130022299D /* EntertainyaTests.swift */; };
		8A2B4B1225C592DB0022299D /* BaseURL.swift in Sources */ = {isa = PBXBuildFile; fileRef = 8A2B4B1125C592DB0022299D /* BaseURL.swift */; };
		8A2B4B1425C597E40022299D /* MovieService.swift in Sources */ = {isa = PBXBuildFile; fileRef = 8A2B4B1325C597E40022299D /* MovieService.swift */; };
		8A2B4B1B25C59C670022299D /* Movie.swift in Sources */ = {isa = PBXBuildFile; fileRef = 8A2B4B1A25C59C670022299D /* Movie.swift */; };
		8A2B4BAB25C6FA600022299D /* HomePresenter.swift in Sources */ = {isa = PBXBuildFile; fileRef = 8A2B4BA725C6FA600022299D /* HomePresenter.swift */; };
		8A2B4BAC25C6FA600022299D /* HomeRouter.swift in Sources */ = {isa = PBXBuildFile; fileRef = 8A2B4BA825C6FA600022299D /* HomeRouter.swift */; };
		8A2B4BAD25C6FA600022299D /* HomeViewController.swift in Sources */ = {isa = PBXBuildFile; fileRef = 8A2B4BA925C6FA600022299D /* HomeViewController.swift */; };
		8A2B4BAE25C6FA600022299D /* HomeInteractor.swift in Sources */ = {isa = PBXBuildFile; fileRef = 8A2B4BAA25C6FA600022299D /* HomeInteractor.swift */; };
		8A2B4BB125C6FBBC0022299D /* EntertainyaApp.swift in Sources */ = {isa = PBXBuildFile; fileRef = 8A2B4BB025C6FBBC0022299D /* EntertainyaApp.swift */; };
		8A2B4BB325C6FBC20022299D /* RootNavigator.swift in Sources */ = {isa = PBXBuildFile; fileRef = 8A2B4BB225C6FBC20022299D /* RootNavigator.swift */; };
		8A2B4BB525C6FBD10022299D /* SharedAssembly.swift in Sources */ = {isa = PBXBuildFile; fileRef = 8A2B4BB425C6FBD10022299D /* SharedAssembly.swift */; };
		8A2B4BB725C6FBE70022299D /* UIApplicationProtocol.swift in Sources */ = {isa = PBXBuildFile; fileRef = 8A2B4BB625C6FBE70022299D /* UIApplicationProtocol.swift */; };
		8A2B4BB925C6FBFC0022299D /* StoryboardProtocol.swift in Sources */ = {isa = PBXBuildFile; fileRef = 8A2B4BB825C6FBFC0022299D /* StoryboardProtocol.swift */; };
		8A2B4BBB25C6FE350022299D /* UIViewControllerRouting.swift in Sources */ = {isa = PBXBuildFile; fileRef = 8A2B4BBA25C6FE350022299D /* UIViewControllerRouting.swift */; };
		8A2B4BBE25C7002B0022299D /* R.generated.swift in Sources */ = {isa = PBXBuildFile; fileRef = 8A2B4BBD25C7002B0022299D /* R.generated.swift */; };
		8A2B4BC025C700A00022299D /* TopViewController.swift in Sources */ = {isa = PBXBuildFile; fileRef = 8A2B4BBF25C700A00022299D /* TopViewController.swift */; };
		8A2B4BC525C704010022299D /* HomeAssembly.swift in Sources */ = {isa = PBXBuildFile; fileRef = 8A2B4BC425C704010022299D /* HomeAssembly.swift */; };
		8A2B4BC725C704730022299D /* HomeStoryboard.swift in Sources */ = {isa = PBXBuildFile; fileRef = 8A2B4BC625C704730022299D /* HomeStoryboard.swift */; };
		EB2724A25058BC79647123D9 /* Pods_Entertainya.framework in Frameworks */ = {isa = PBXBuildFile; fileRef = B2F07E73CA62CC9EAFF22491 /* Pods_Entertainya.framework */; };
/* End PBXBuildFile section */

/* Begin PBXContainerItemProxy section */
		8A2B4AFE25C58D130022299D /* PBXContainerItemProxy */ = {
			isa = PBXContainerItemProxy;
			containerPortal = 8A2B4ADF25C58D0D0022299D /* Project object */;
			proxyType = 1;
			remoteGlobalIDString = 8A2B4AE625C58D0D0022299D;
			remoteInfo = Entertainya;
		};
/* End PBXContainerItemProxy section */

/* Begin PBXFileReference section */
		2D251EB125CBFB8E00771403 /* SectionTitleView.swift */ = {isa = PBXFileReference; lastKnownFileType = sourcecode.swift; path = SectionTitleView.swift; sourceTree = "<group>"; };
		2D251EB225CBFB8E00771403 /* SectionTitleView.xib */ = {isa = PBXFileReference; lastKnownFileType = file.xib; path = SectionTitleView.xib; sourceTree = "<group>"; };
		2D450BB225C7FCFD00FD4F0F /* Home.storyboard */ = {isa = PBXFileReference; lastKnownFileType = file.storyboard; path = Home.storyboard; sourceTree = "<group>"; };
		2D450E3A25C9F62300FD4F0F /* HomeDataSource.swift */ = {isa = PBXFileReference; lastKnownFileType = sourcecode.swift; path = HomeDataSource.swift; sourceTree = "<group>"; };
		2D6A152B25CA012700523320 /* Movie.storyboard */ = {isa = PBXFileReference; lastKnownFileType = file.storyboard; path = Movie.storyboard; sourceTree = "<group>"; };
		2D6A153C25CA014800523320 /* MoviePresenter.swift */ = {isa = PBXFileReference; lastKnownFileType = sourcecode.swift; path = MoviePresenter.swift; sourceTree = "<group>"; };
		2D6A153D25CA014800523320 /* MovieRouter.swift */ = {isa = PBXFileReference; lastKnownFileType = sourcecode.swift; path = MovieRouter.swift; sourceTree = "<group>"; };
		2D6A153E25CA014800523320 /* MovieViewController.swift */ = {isa = PBXFileReference; lastKnownFileType = sourcecode.swift; path = MovieViewController.swift; sourceTree = "<group>"; };
		2D6A153F25CA014800523320 /* MovieInteractor.swift */ = {isa = PBXFileReference; lastKnownFileType = sourcecode.swift; path = MovieInteractor.swift; sourceTree = "<group>"; };
		2D6A154825CA015B00523320 /* MovieAssembly.swift */ = {isa = PBXFileReference; lastKnownFileType = sourcecode.swift; path = MovieAssembly.swift; sourceTree = "<group>"; };
		2D6A154C25CA016700523320 /* MovieStoryboard.swift */ = {isa = PBXFileReference; lastKnownFileType = sourcecode.swift; path = MovieStoryboard.swift; sourceTree = "<group>"; };
		2D6A158C25CA9CAC00523320 /* NavigationController.swift */ = {isa = PBXFileReference; fileEncoding = 4; lastKnownFileType = sourcecode.swift; path = NavigationController.swift; sourceTree = "<group>"; };
		2D6A159025CAA9BF00523320 /* Colors.xcassets */ = {isa = PBXFileReference; lastKnownFileType = folder.assetcatalog; path = Colors.xcassets; sourceTree = "<group>"; };
		2D6A168B25CB3B6F00523320 /* LanguageHelper.swift */ = {isa = PBXFileReference; lastKnownFileType = sourcecode.swift; path = LanguageHelper.swift; sourceTree = "<group>"; };
		2D6A169325CB3D8000523320 /* MovieCollectionViewCell.swift */ = {isa = PBXFileReference; lastKnownFileType = sourcecode.swift; path = MovieCollectionViewCell.swift; sourceTree = "<group>"; };
		2D6A169425CB3D8000523320 /* MovieCollectionViewCell.xib */ = {isa = PBXFileReference; lastKnownFileType = file.xib; path = MovieCollectionViewCell.xib; sourceTree = "<group>"; };
		45532813B7A92F2CE6CCE02A /* Pods_EntertainyaTests.framework */ = {isa = PBXFileReference; explicitFileType = wrapper.framework; includeInIndex = 0; path = Pods_EntertainyaTests.framework; sourceTree = BUILT_PRODUCTS_DIR; };
		7BFA831B3F38C8BBDFBC59FB /* Pods-EntertainyaTests.debug.xcconfig */ = {isa = PBXFileReference; includeInIndex = 1; lastKnownFileType = text.xcconfig; name = "Pods-EntertainyaTests.debug.xcconfig"; path = "Target Support Files/Pods-EntertainyaTests/Pods-EntertainyaTests.debug.xcconfig"; sourceTree = "<group>"; };
		8109A29F31CF21E1792DFDF6 /* Pods-Entertainya.release.xcconfig */ = {isa = PBXFileReference; includeInIndex = 1; lastKnownFileType = text.xcconfig; name = "Pods-Entertainya.release.xcconfig"; path = "Target Support Files/Pods-Entertainya/Pods-Entertainya.release.xcconfig"; sourceTree = "<group>"; };
		8A2B4AE725C58D0D0022299D /* Entertainya.app */ = {isa = PBXFileReference; explicitFileType = wrapper.application; includeInIndex = 0; path = Entertainya.app; sourceTree = BUILT_PRODUCTS_DIR; };
		8A2B4AEA25C58D0D0022299D /* AppDelegate.swift */ = {isa = PBXFileReference; lastKnownFileType = sourcecode.swift; path = AppDelegate.swift; sourceTree = "<group>"; };
		8A2B4AF325C58D130022299D /* Assets.xcassets */ = {isa = PBXFileReference; lastKnownFileType = folder.assetcatalog; path = Assets.xcassets; sourceTree = "<group>"; };
		8A2B4AF625C58D130022299D /* Base */ = {isa = PBXFileReference; lastKnownFileType = file.storyboard; name = Base; path = Base.lproj/LaunchScreen.storyboard; sourceTree = "<group>"; };
		8A2B4AF825C58D130022299D /* Info.plist */ = {isa = PBXFileReference; lastKnownFileType = text.plist.xml; path = Info.plist; sourceTree = "<group>"; };
		8A2B4AFD25C58D130022299D /* EntertainyaTests.xctest */ = {isa = PBXFileReference; explicitFileType = wrapper.cfbundle; includeInIndex = 0; path = EntertainyaTests.xctest; sourceTree = BUILT_PRODUCTS_DIR; };
		8A2B4B0125C58D130022299D /* EntertainyaTests.swift */ = {isa = PBXFileReference; lastKnownFileType = sourcecode.swift; path = EntertainyaTests.swift; sourceTree = "<group>"; };
		8A2B4B0325C58D130022299D /* Info.plist */ = {isa = PBXFileReference; lastKnownFileType = text.plist.xml; path = Info.plist; sourceTree = "<group>"; };
		8A2B4B1125C592DB0022299D /* BaseURL.swift */ = {isa = PBXFileReference; lastKnownFileType = sourcecode.swift; path = BaseURL.swift; sourceTree = "<group>"; };
		8A2B4B1325C597E40022299D /* MovieService.swift */ = {isa = PBXFileReference; lastKnownFileType = sourcecode.swift; path = MovieService.swift; sourceTree = "<group>"; };
		8A2B4B1A25C59C670022299D /* Movie.swift */ = {isa = PBXFileReference; lastKnownFileType = sourcecode.swift; path = Movie.swift; sourceTree = "<group>"; };
		8A2B4BA725C6FA600022299D /* HomePresenter.swift */ = {isa = PBXFileReference; lastKnownFileType = sourcecode.swift; path = HomePresenter.swift; sourceTree = "<group>"; };
		8A2B4BA825C6FA600022299D /* HomeRouter.swift */ = {isa = PBXFileReference; lastKnownFileType = sourcecode.swift; path = HomeRouter.swift; sourceTree = "<group>"; };
		8A2B4BA925C6FA600022299D /* HomeViewController.swift */ = {isa = PBXFileReference; lastKnownFileType = sourcecode.swift; path = HomeViewController.swift; sourceTree = "<group>"; };
		8A2B4BAA25C6FA600022299D /* HomeInteractor.swift */ = {isa = PBXFileReference; lastKnownFileType = sourcecode.swift; path = HomeInteractor.swift; sourceTree = "<group>"; };
		8A2B4BB025C6FBBC0022299D /* EntertainyaApp.swift */ = {isa = PBXFileReference; lastKnownFileType = sourcecode.swift; path = EntertainyaApp.swift; sourceTree = "<group>"; };
		8A2B4BB225C6FBC20022299D /* RootNavigator.swift */ = {isa = PBXFileReference; lastKnownFileType = sourcecode.swift; path = RootNavigator.swift; sourceTree = "<group>"; };
		8A2B4BB425C6FBD10022299D /* SharedAssembly.swift */ = {isa = PBXFileReference; lastKnownFileType = sourcecode.swift; path = SharedAssembly.swift; sourceTree = "<group>"; };
		8A2B4BB625C6FBE70022299D /* UIApplicationProtocol.swift */ = {isa = PBXFileReference; lastKnownFileType = sourcecode.swift; path = UIApplicationProtocol.swift; sourceTree = "<group>"; };
		8A2B4BB825C6FBFC0022299D /* StoryboardProtocol.swift */ = {isa = PBXFileReference; lastKnownFileType = sourcecode.swift; path = StoryboardProtocol.swift; sourceTree = "<group>"; };
		8A2B4BBA25C6FE350022299D /* UIViewControllerRouting.swift */ = {isa = PBXFileReference; lastKnownFileType = sourcecode.swift; path = UIViewControllerRouting.swift; sourceTree = "<group>"; };
		8A2B4BBD25C7002B0022299D /* R.generated.swift */ = {isa = PBXFileReference; fileEncoding = 4; lastKnownFileType = sourcecode.swift; path = R.generated.swift; sourceTree = SOURCE_ROOT; };
		8A2B4BBF25C700A00022299D /* TopViewController.swift */ = {isa = PBXFileReference; lastKnownFileType = sourcecode.swift; path = TopViewController.swift; sourceTree = "<group>"; };
		8A2B4BC425C704010022299D /* HomeAssembly.swift */ = {isa = PBXFileReference; lastKnownFileType = sourcecode.swift; path = HomeAssembly.swift; sourceTree = "<group>"; };
		8A2B4BC625C704730022299D /* HomeStoryboard.swift */ = {isa = PBXFileReference; lastKnownFileType = sourcecode.swift; path = HomeStoryboard.swift; sourceTree = "<group>"; };
		B2F07E73CA62CC9EAFF22491 /* Pods_Entertainya.framework */ = {isa = PBXFileReference; explicitFileType = wrapper.framework; includeInIndex = 0; path = Pods_Entertainya.framework; sourceTree = BUILT_PRODUCTS_DIR; };
		D5876E8606BCE018E08B2904 /* Pods-EntertainyaTests.release.xcconfig */ = {isa = PBXFileReference; includeInIndex = 1; lastKnownFileType = text.xcconfig; name = "Pods-EntertainyaTests.release.xcconfig"; path = "Target Support Files/Pods-EntertainyaTests/Pods-EntertainyaTests.release.xcconfig"; sourceTree = "<group>"; };
		EBDC00C3A44C6B476D436046 /* Pods-Entertainya.debug.xcconfig */ = {isa = PBXFileReference; includeInIndex = 1; lastKnownFileType = text.xcconfig; name = "Pods-Entertainya.debug.xcconfig"; path = "Target Support Files/Pods-Entertainya/Pods-Entertainya.debug.xcconfig"; sourceTree = "<group>"; };
/* End PBXFileReference section */

/* Begin PBXFrameworksBuildPhase section */
		8A2B4AE425C58D0D0022299D /* Frameworks */ = {
			isa = PBXFrameworksBuildPhase;
			buildActionMask = 2147483647;
			files = (
				EB2724A25058BC79647123D9 /* Pods_Entertainya.framework in Frameworks */,
			);
			runOnlyForDeploymentPostprocessing = 0;
		};
		8A2B4AFA25C58D130022299D /* Frameworks */ = {
			isa = PBXFrameworksBuildPhase;
			buildActionMask = 2147483647;
			files = (
				0BC7E3384938588470DEBCDD /* Pods_EntertainyaTests.framework in Frameworks */,
			);
			runOnlyForDeploymentPostprocessing = 0;
		};
/* End PBXFrameworksBuildPhase section */

/* Begin PBXGroup section */
		2D251EA825CBFB4800771403 /* Views */ = {
			isa = PBXGroup;
			children = (
				2D251EB125CBFB8E00771403 /* SectionTitleView.swift */,
				2D251EB225CBFB8E00771403 /* SectionTitleView.xib */,
			);
			path = Views;
			sourceTree = "<group>";
		};
		2D450E3E25C9F74B00FD4F0F /* Cells */ = {
			isa = PBXGroup;
			children = (
				2D6A169325CB3D8000523320 /* MovieCollectionViewCell.swift */,
				2D6A169425CB3D8000523320 /* MovieCollectionViewCell.xib */,
			);
			path = Cells;
			sourceTree = "<group>";
		};
		2D6A153B25CA013700523320 /* Movie */ = {
			isa = PBXGroup;
			children = (
				2D6A155025CA016B00523320 /* MovieDI */,
				2D6A153C25CA014800523320 /* MoviePresenter.swift */,
				2D6A153D25CA014800523320 /* MovieRouter.swift */,
				2D6A153E25CA014800523320 /* MovieViewController.swift */,
				2D6A153F25CA014800523320 /* MovieInteractor.swift */,
			);
			path = Movie;
			sourceTree = "<group>";
		};
		2D6A155025CA016B00523320 /* MovieDI */ = {
			isa = PBXGroup;
			children = (
				2D6A154825CA015B00523320 /* MovieAssembly.swift */,
				2D6A154C25CA016700523320 /* MovieStoryboard.swift */,
			);
			path = MovieDI;
			sourceTree = "<group>";
		};
		2D6A168A25CB3B6300523320 /* Helpers */ = {
			isa = PBXGroup;
			children = (
				2D6A168B25CB3B6F00523320 /* LanguageHelper.swift */,
			);
			path = Helpers;
			sourceTree = "<group>";
		};
		42F79A4318756EB1AAB2EE72 /* Frameworks */ = {
			isa = PBXGroup;
			children = (
				B2F07E73CA62CC9EAFF22491 /* Pods_Entertainya.framework */,
				45532813B7A92F2CE6CCE02A /* Pods_EntertainyaTests.framework */,
			);
			name = Frameworks;
			sourceTree = "<group>";
		};
		8A2B4ADE25C58D0D0022299D = {
			isa = PBXGroup;
			children = (
				8A2B4AE925C58D0D0022299D /* Entertainya */,
				8A2B4B0025C58D130022299D /* EntertainyaTests */,
				8A2B4AE825C58D0D0022299D /* Products */,
				EF619FD5254C0A58A91FAFE6 /* Pods */,
				42F79A4318756EB1AAB2EE72 /* Frameworks */,
			);
			sourceTree = "<group>";
		};
		8A2B4AE825C58D0D0022299D /* Products */ = {
			isa = PBXGroup;
			children = (
				8A2B4AE725C58D0D0022299D /* Entertainya.app */,
				8A2B4AFD25C58D130022299D /* EntertainyaTests.xctest */,
			);
			name = Products;
			sourceTree = "<group>";
		};
		8A2B4AE925C58D0D0022299D /* Entertainya */ = {
			isa = PBXGroup;
			children = (
				2D6A168A25CB3B6300523320 /* Helpers */,
				8A2B4BAF25C6FBB00022299D /* App */,
				8A2B4B5325C6EF5C0022299D /* Protocols */,
				8A2B4B0D25C58ED60022299D /* Networking */,
				8A2B4B2825C59DD10022299D /* Storyboards */,
				8A2B4B0C25C58ECC0022299D /* Scenes */,
				8A2B4AEA25C58D0D0022299D /* AppDelegate.swift */,
				8A2B4AF325C58D130022299D /* Assets.xcassets */,
				8A2B4AF525C58D130022299D /* LaunchScreen.storyboard */,
				8A2B4AF825C58D130022299D /* Info.plist */,
				8A2B4BBD25C7002B0022299D /* R.generated.swift */,
				2D6A159025CAA9BF00523320 /* Colors.xcassets */,
			);
			path = Entertainya;
			sourceTree = "<group>";
		};
		8A2B4B0025C58D130022299D /* EntertainyaTests */ = {
			isa = PBXGroup;
			children = (
				8A2B4B0125C58D130022299D /* EntertainyaTests.swift */,
				8A2B4B0325C58D130022299D /* Info.plist */,
			);
			path = EntertainyaTests;
			sourceTree = "<group>";
		};
		8A2B4B0C25C58ECC0022299D /* Scenes */ = {
			isa = PBXGroup;
			children = (
				2D6A153B25CA013700523320 /* Movie */,
				8A2B4B4A25C6EE360022299D /* Home */,
			);
			path = Scenes;
			sourceTree = "<group>";
		};
		8A2B4B0D25C58ED60022299D /* Networking */ = {
			isa = PBXGroup;
			children = (
				8A2B4B1825C598FF0022299D /* Services */,
				8A2B4B1925C59C5D0022299D /* Models */,
				8A2B4B1125C592DB0022299D /* BaseURL.swift */,
			);
			path = Networking;
			sourceTree = "<group>";
		};
		8A2B4B1825C598FF0022299D /* Services */ = {
			isa = PBXGroup;
			children = (
				8A2B4B1325C597E40022299D /* MovieService.swift */,
			);
			path = Services;
			sourceTree = "<group>";
		};
		8A2B4B1925C59C5D0022299D /* Models */ = {
			isa = PBXGroup;
			children = (
				8A2B4B1A25C59C670022299D /* Movie.swift */,
			);
			path = Models;
			sourceTree = "<group>";
		};
		8A2B4B2825C59DD10022299D /* Storyboards */ = {
			isa = PBXGroup;
			children = (
				2D450BB225C7FCFD00FD4F0F /* Home.storyboard */,
				2D6A152B25CA012700523320 /* Movie.storyboard */,
			);
			path = Storyboards;
			sourceTree = "<group>";
		};
		8A2B4B4A25C6EE360022299D /* Home */ = {
			isa = PBXGroup;
			children = (
				2D251EA825CBFB4800771403 /* Views */,
				2D450E3E25C9F74B00FD4F0F /* Cells */,
				8A2B4BC325C703F00022299D /* HomeDI */,
				8A2B4BA725C6FA600022299D /* HomePresenter.swift */,
				8A2B4BA825C6FA600022299D /* HomeRouter.swift */,
				8A2B4BA925C6FA600022299D /* HomeViewController.swift */,
				8A2B4BAA25C6FA600022299D /* HomeInteractor.swift */,
				2D450E3A25C9F62300FD4F0F /* HomeDataSource.swift */,
			);
			path = Home;
			sourceTree = "<group>";
		};
		8A2B4B5325C6EF5C0022299D /* Protocols */ = {
			isa = PBXGroup;
			children = (
				8A2B4BB625C6FBE70022299D /* UIApplicationProtocol.swift */,
				8A2B4BB825C6FBFC0022299D /* StoryboardProtocol.swift */,
				8A2B4BBA25C6FE350022299D /* UIViewControllerRouting.swift */,
				8A2B4BBF25C700A00022299D /* TopViewController.swift */,
			);
			path = Protocols;
			sourceTree = "<group>";
		};
		8A2B4BAF25C6FBB00022299D /* App */ = {
			isa = PBXGroup;
			children = (
				8A2B4BB025C6FBBC0022299D /* EntertainyaApp.swift */,
				8A2B4BB225C6FBC20022299D /* RootNavigator.swift */,
				8A2B4BB425C6FBD10022299D /* SharedAssembly.swift */,
				2D6A158C25CA9CAC00523320 /* NavigationController.swift */,
			);
			path = App;
			sourceTree = "<group>";
		};
		8A2B4BC325C703F00022299D /* HomeDI */ = {
			isa = PBXGroup;
			children = (
				8A2B4BC425C704010022299D /* HomeAssembly.swift */,
				8A2B4BC625C704730022299D /* HomeStoryboard.swift */,
			);
			path = HomeDI;
			sourceTree = "<group>";
		};
		EF619FD5254C0A58A91FAFE6 /* Pods */ = {
			isa = PBXGroup;
			children = (
				EBDC00C3A44C6B476D436046 /* Pods-Entertainya.debug.xcconfig */,
				8109A29F31CF21E1792DFDF6 /* Pods-Entertainya.release.xcconfig */,
				7BFA831B3F38C8BBDFBC59FB /* Pods-EntertainyaTests.debug.xcconfig */,
				D5876E8606BCE018E08B2904 /* Pods-EntertainyaTests.release.xcconfig */,
			);
			path = Pods;
			sourceTree = "<group>";
		};
/* End PBXGroup section */

/* Begin PBXNativeTarget section */
		8A2B4AE625C58D0D0022299D /* Entertainya */ = {
			isa = PBXNativeTarget;
			buildConfigurationList = 8A2B4B0625C58D130022299D /* Build configuration list for PBXNativeTarget "Entertainya" */;
			buildPhases = (
				7C455DAB4DC610F4E954AD94 /* [CP] Check Pods Manifest.lock */,
				8A2B4BBC25C6FF860022299D /* R.Swift */,
				8A2B4AE325C58D0D0022299D /* Sources */,
				8A2B4AE425C58D0D0022299D /* Frameworks */,
				8A2B4AE525C58D0D0022299D /* Resources */,
				F9ECEB53944235AE3CBEF9B1 /* [CP] Embed Pods Frameworks */,
			);
			buildRules = (
			);
			dependencies = (
			);
			name = Entertainya;
			productName = Entertainya;
			productReference = 8A2B4AE725C58D0D0022299D /* Entertainya.app */;
			productType = "com.apple.product-type.application";
		};
		8A2B4AFC25C58D130022299D /* EntertainyaTests */ = {
			isa = PBXNativeTarget;
			buildConfigurationList = 8A2B4B0925C58D130022299D /* Build configuration list for PBXNativeTarget "EntertainyaTests" */;
			buildPhases = (
				DF7720D02D3AE1ECDB2982B8 /* [CP] Check Pods Manifest.lock */,
				8A2B4AF925C58D130022299D /* Sources */,
				8A2B4AFA25C58D130022299D /* Frameworks */,
				8A2B4AFB25C58D130022299D /* Resources */,
			);
			buildRules = (
			);
			dependencies = (
				8A2B4AFF25C58D130022299D /* PBXTargetDependency */,
			);
			name = EntertainyaTests;
			productName = EntertainyaTests;
			productReference = 8A2B4AFD25C58D130022299D /* EntertainyaTests.xctest */;
			productType = "com.apple.product-type.bundle.unit-test";
		};
/* End PBXNativeTarget section */

/* Begin PBXProject section */
		8A2B4ADF25C58D0D0022299D /* Project object */ = {
			isa = PBXProject;
			attributes = {
				LastSwiftUpdateCheck = 1160;
				LastUpgradeCheck = 1160;
				ORGANIZATIONNAME = "Karim Cordilia";
				TargetAttributes = {
					8A2B4AE625C58D0D0022299D = {
						CreatedOnToolsVersion = 11.6;
					};
					8A2B4AFC25C58D130022299D = {
						CreatedOnToolsVersion = 11.6;
						TestTargetID = 8A2B4AE625C58D0D0022299D;
					};
				};
			};
			buildConfigurationList = 8A2B4AE225C58D0D0022299D /* Build configuration list for PBXProject "Entertainya" */;
			compatibilityVersion = "Xcode 9.3";
			developmentRegion = en;
			hasScannedForEncodings = 0;
			knownRegions = (
				en,
				Base,
			);
			mainGroup = 8A2B4ADE25C58D0D0022299D;
			productRefGroup = 8A2B4AE825C58D0D0022299D /* Products */;
			projectDirPath = "";
			projectRoot = "";
			targets = (
				8A2B4AE625C58D0D0022299D /* Entertainya */,
				8A2B4AFC25C58D130022299D /* EntertainyaTests */,
			);
		};
/* End PBXProject section */

/* Begin PBXResourcesBuildPhase section */
		8A2B4AE525C58D0D0022299D /* Resources */ = {
			isa = PBXResourcesBuildPhase;
			buildActionMask = 2147483647;
			files = (
				2D6A152C25CA012700523320 /* Movie.storyboard in Resources */,
				2D251EB425CBFB8E00771403 /* SectionTitleView.xib in Resources */,
				2D450BB325C7FCFD00FD4F0F /* Home.storyboard in Resources */,
				8A2B4AF725C58D130022299D /* LaunchScreen.storyboard in Resources */,
				2D6A159125CAA9BF00523320 /* Colors.xcassets in Resources */,
				8A2B4AF425C58D130022299D /* Assets.xcassets in Resources */,
				2D6A169625CB3D8000523320 /* MovieCollectionViewCell.xib in Resources */,
			);
			runOnlyForDeploymentPostprocessing = 0;
		};
		8A2B4AFB25C58D130022299D /* Resources */ = {
			isa = PBXResourcesBuildPhase;
			buildActionMask = 2147483647;
			files = (
			);
			runOnlyForDeploymentPostprocessing = 0;
		};
/* End PBXResourcesBuildPhase section */

/* Begin PBXShellScriptBuildPhase section */
		7C455DAB4DC610F4E954AD94 /* [CP] Check Pods Manifest.lock */ = {
			isa = PBXShellScriptBuildPhase;
			buildActionMask = 2147483647;
			files = (
			);
			inputFileListPaths = (
			);
			inputPaths = (
				"${PODS_PODFILE_DIR_PATH}/Podfile.lock",
				"${PODS_ROOT}/Manifest.lock",
			);
			name = "[CP] Check Pods Manifest.lock";
			outputFileListPaths = (
			);
			outputPaths = (
				"$(DERIVED_FILE_DIR)/Pods-Entertainya-checkManifestLockResult.txt",
			);
			runOnlyForDeploymentPostprocessing = 0;
			shellPath = /bin/sh;
			shellScript = "diff \"${PODS_PODFILE_DIR_PATH}/Podfile.lock\" \"${PODS_ROOT}/Manifest.lock\" > /dev/null\nif [ $? != 0 ] ; then\n    # print error to STDERR\n    echo \"error: The sandbox is not in sync with the Podfile.lock. Run 'pod install' or update your CocoaPods installation.\" >&2\n    exit 1\nfi\n# This output is used by Xcode 'outputs' to avoid re-running this script phase.\necho \"SUCCESS\" > \"${SCRIPT_OUTPUT_FILE_0}\"\n";
			showEnvVarsInLog = 0;
		};
		8A2B4BBC25C6FF860022299D /* R.Swift */ = {
			isa = PBXShellScriptBuildPhase;
			buildActionMask = 2147483647;
			files = (
			);
			inputFileListPaths = (
			);
			inputPaths = (
				"$TEMP_DIR/rswift-lastrun",
			);
			name = R.Swift;
			outputFileListPaths = (
			);
			outputPaths = (
				$SRCROOT/R.generated.swift,
			);
			runOnlyForDeploymentPostprocessing = 0;
			shellPath = /bin/sh;
			shellScript = "\"$PODS_ROOT/R.swift/rswift\" generate \"$SRCROOT/R.generated.swift\"\n";
		};
		DF7720D02D3AE1ECDB2982B8 /* [CP] Check Pods Manifest.lock */ = {
			isa = PBXShellScriptBuildPhase;
			buildActionMask = 2147483647;
			files = (
			);
			inputFileListPaths = (
			);
			inputPaths = (
				"${PODS_PODFILE_DIR_PATH}/Podfile.lock",
				"${PODS_ROOT}/Manifest.lock",
			);
			name = "[CP] Check Pods Manifest.lock";
			outputFileListPaths = (
			);
			outputPaths = (
				"$(DERIVED_FILE_DIR)/Pods-EntertainyaTests-checkManifestLockResult.txt",
			);
			runOnlyForDeploymentPostprocessing = 0;
			shellPath = /bin/sh;
			shellScript = "diff \"${PODS_PODFILE_DIR_PATH}/Podfile.lock\" \"${PODS_ROOT}/Manifest.lock\" > /dev/null\nif [ $? != 0 ] ; then\n    # print error to STDERR\n    echo \"error: The sandbox is not in sync with the Podfile.lock. Run 'pod install' or update your CocoaPods installation.\" >&2\n    exit 1\nfi\n# This output is used by Xcode 'outputs' to avoid re-running this script phase.\necho \"SUCCESS\" > \"${SCRIPT_OUTPUT_FILE_0}\"\n";
			showEnvVarsInLog = 0;
		};
		F9ECEB53944235AE3CBEF9B1 /* [CP] Embed Pods Frameworks */ = {
			isa = PBXShellScriptBuildPhase;
			buildActionMask = 2147483647;
			files = (
			);
			inputFileListPaths = (
				"${PODS_ROOT}/Target Support Files/Pods-Entertainya/Pods-Entertainya-frameworks-${CONFIGURATION}-input-files.xcfilelist",
			);
			name = "[CP] Embed Pods Frameworks";
			outputFileListPaths = (
				"${PODS_ROOT}/Target Support Files/Pods-Entertainya/Pods-Entertainya-frameworks-${CONFIGURATION}-output-files.xcfilelist",
			);
			runOnlyForDeploymentPostprocessing = 0;
			shellPath = /bin/sh;
			shellScript = "\"${PODS_ROOT}/Target Support Files/Pods-Entertainya/Pods-Entertainya-frameworks.sh\"\n";
			showEnvVarsInLog = 0;
		};
/* End PBXShellScriptBuildPhase section */

/* Begin PBXSourcesBuildPhase section */
		8A2B4AE325C58D0D0022299D /* Sources */ = {
			isa = PBXSourcesBuildPhase;
			buildActionMask = 2147483647;
			files = (
				8A2B4BC525C704010022299D /* HomeAssembly.swift in Sources */,
				8A2B4BAB25C6FA600022299D /* HomePresenter.swift in Sources */,
				8A2B4BB325C6FBC20022299D /* RootNavigator.swift in Sources */,
				2D6A168C25CB3B6F00523320 /* LanguageHelper.swift in Sources */,
				8A2B4B1425C597E40022299D /* MovieService.swift in Sources */,
				8A2B4BBB25C6FE350022299D /* UIViewControllerRouting.swift in Sources */,
				8A2B4BB125C6FBBC0022299D /* EntertainyaApp.swift in Sources */,
				8A2B4BB525C6FBD10022299D /* SharedAssembly.swift in Sources */,
				8A2B4BC725C704730022299D /* HomeStoryboard.swift in Sources */,
				2D6A154925CA015B00523320 /* MovieAssembly.swift in Sources */,
				2D450E3B25C9F62300FD4F0F /* HomeDataSource.swift in Sources */,
				2D6A169525CB3D8000523320 /* MovieCollectionViewCell.swift in Sources */,
				2D6A154125CA014800523320 /* MovieRouter.swift in Sources */,
				8A2B4B1B25C59C670022299D /* Movie.swift in Sources */,
				2D6A154025CA014800523320 /* MoviePresenter.swift in Sources */,
				2D6A158D25CA9CAC00523320 /* NavigationController.swift in Sources */,
				8A2B4BB725C6FBE70022299D /* UIApplicationProtocol.swift in Sources */,
				8A2B4BAE25C6FA600022299D /* HomeInteractor.swift in Sources */,
				2D251EB325CBFB8E00771403 /* SectionTitleView.swift in Sources */,
				8A2B4BB925C6FBFC0022299D /* StoryboardProtocol.swift in Sources */,
				8A2B4AEB25C58D0D0022299D /* AppDelegate.swift in Sources */,
				8A2B4BBE25C7002B0022299D /* R.generated.swift in Sources */,
				8A2B4BC025C700A00022299D /* TopViewController.swift in Sources */,
				2D6A154325CA014800523320 /* MovieInteractor.swift in Sources */,
				8A2B4BAD25C6FA600022299D /* HomeViewController.swift in Sources */,
				8A2B4BAC25C6FA600022299D /* HomeRouter.swift in Sources */,
				2D6A154D25CA016700523320 /* MovieStoryboard.swift in Sources */,
				8A2B4B1225C592DB0022299D /* BaseURL.swift in Sources */,
				2D6A154225CA014800523320 /* MovieViewController.swift in Sources */,
			);
			runOnlyForDeploymentPostprocessing = 0;
		};
		8A2B4AF925C58D130022299D /* Sources */ = {
			isa = PBXSourcesBuildPhase;
			buildActionMask = 2147483647;
			files = (
				8A2B4B0225C58D130022299D /* EntertainyaTests.swift in Sources */,
			);
			runOnlyForDeploymentPostprocessing = 0;
		};
/* End PBXSourcesBuildPhase section */

/* Begin PBXTargetDependency section */
		8A2B4AFF25C58D130022299D /* PBXTargetDependency */ = {
			isa = PBXTargetDependency;
			target = 8A2B4AE625C58D0D0022299D /* Entertainya */;
			targetProxy = 8A2B4AFE25C58D130022299D /* PBXContainerItemProxy */;
		};
/* End PBXTargetDependency section */

/* Begin PBXVariantGroup section */
		8A2B4AF525C58D130022299D /* LaunchScreen.storyboard */ = {
			isa = PBXVariantGroup;
			children = (
				8A2B4AF625C58D130022299D /* Base */,
			);
			name = LaunchScreen.storyboard;
			sourceTree = "<group>";
		};
/* End PBXVariantGroup section */

/* Begin XCBuildConfiguration section */
		8A2B4B0425C58D130022299D /* Debug */ = {
			isa = XCBuildConfiguration;
			buildSettings = {
				ALWAYS_SEARCH_USER_PATHS = NO;
				CLANG_ANALYZER_NONNULL = YES;
				CLANG_ANALYZER_NUMBER_OBJECT_CONVERSION = YES_AGGRESSIVE;
				CLANG_CXX_LANGUAGE_STANDARD = "gnu++14";
				CLANG_CXX_LIBRARY = "libc++";
				CLANG_ENABLE_MODULES = YES;
				CLANG_ENABLE_OBJC_ARC = YES;
				CLANG_ENABLE_OBJC_WEAK = YES;
				CLANG_WARN_BLOCK_CAPTURE_AUTORELEASING = YES;
				CLANG_WARN_BOOL_CONVERSION = YES;
				CLANG_WARN_COMMA = YES;
				CLANG_WARN_CONSTANT_CONVERSION = YES;
				CLANG_WARN_DEPRECATED_OBJC_IMPLEMENTATIONS = YES;
				CLANG_WARN_DIRECT_OBJC_ISA_USAGE = YES_ERROR;
				CLANG_WARN_DOCUMENTATION_COMMENTS = YES;
				CLANG_WARN_EMPTY_BODY = YES;
				CLANG_WARN_ENUM_CONVERSION = YES;
				CLANG_WARN_INFINITE_RECURSION = YES;
				CLANG_WARN_INT_CONVERSION = YES;
				CLANG_WARN_NON_LITERAL_NULL_CONVERSION = YES;
				CLANG_WARN_OBJC_IMPLICIT_RETAIN_SELF = YES;
				CLANG_WARN_OBJC_LITERAL_CONVERSION = YES;
				CLANG_WARN_OBJC_ROOT_CLASS = YES_ERROR;
				CLANG_WARN_RANGE_LOOP_ANALYSIS = YES;
				CLANG_WARN_STRICT_PROTOTYPES = YES;
				CLANG_WARN_SUSPICIOUS_MOVE = YES;
				CLANG_WARN_UNGUARDED_AVAILABILITY = YES_AGGRESSIVE;
				CLANG_WARN_UNREACHABLE_CODE = YES;
				CLANG_WARN__DUPLICATE_METHOD_MATCH = YES;
				COPY_PHASE_STRIP = NO;
				DEBUG_INFORMATION_FORMAT = dwarf;
				ENABLE_STRICT_OBJC_MSGSEND = YES;
				ENABLE_TESTABILITY = YES;
				GCC_C_LANGUAGE_STANDARD = gnu11;
				GCC_DYNAMIC_NO_PIC = NO;
				GCC_NO_COMMON_BLOCKS = YES;
				GCC_OPTIMIZATION_LEVEL = 0;
				GCC_PREPROCESSOR_DEFINITIONS = (
					"DEBUG=1",
					"$(inherited)",
				);
				GCC_WARN_64_TO_32_BIT_CONVERSION = YES;
				GCC_WARN_ABOUT_RETURN_TYPE = YES_ERROR;
				GCC_WARN_UNDECLARED_SELECTOR = YES;
				GCC_WARN_UNINITIALIZED_AUTOS = YES_AGGRESSIVE;
				GCC_WARN_UNUSED_FUNCTION = YES;
				GCC_WARN_UNUSED_VARIABLE = YES;
				IPHONEOS_DEPLOYMENT_TARGET = 13.6;
				MTL_ENABLE_DEBUG_INFO = INCLUDE_SOURCE;
				MTL_FAST_MATH = YES;
				ONLY_ACTIVE_ARCH = YES;
				SDKROOT = iphoneos;
				SWIFT_ACTIVE_COMPILATION_CONDITIONS = DEBUG;
				SWIFT_OPTIMIZATION_LEVEL = "-Onone";
			};
			name = Debug;
		};
		8A2B4B0525C58D130022299D /* Release */ = {
			isa = XCBuildConfiguration;
			buildSettings = {
				ALWAYS_SEARCH_USER_PATHS = NO;
				CLANG_ANALYZER_NONNULL = YES;
				CLANG_ANALYZER_NUMBER_OBJECT_CONVERSION = YES_AGGRESSIVE;
				CLANG_CXX_LANGUAGE_STANDARD = "gnu++14";
				CLANG_CXX_LIBRARY = "libc++";
				CLANG_ENABLE_MODULES = YES;
				CLANG_ENABLE_OBJC_ARC = YES;
				CLANG_ENABLE_OBJC_WEAK = YES;
				CLANG_WARN_BLOCK_CAPTURE_AUTORELEASING = YES;
				CLANG_WARN_BOOL_CONVERSION = YES;
				CLANG_WARN_COMMA = YES;
				CLANG_WARN_CONSTANT_CONVERSION = YES;
				CLANG_WARN_DEPRECATED_OBJC_IMPLEMENTATIONS = YES;
				CLANG_WARN_DIRECT_OBJC_ISA_USAGE = YES_ERROR;
				CLANG_WARN_DOCUMENTATION_COMMENTS = YES;
				CLANG_WARN_EMPTY_BODY = YES;
				CLANG_WARN_ENUM_CONVERSION = YES;
				CLANG_WARN_INFINITE_RECURSION = YES;
				CLANG_WARN_INT_CONVERSION = YES;
				CLANG_WARN_NON_LITERAL_NULL_CONVERSION = YES;
				CLANG_WARN_OBJC_IMPLICIT_RETAIN_SELF = YES;
				CLANG_WARN_OBJC_LITERAL_CONVERSION = YES;
				CLANG_WARN_OBJC_ROOT_CLASS = YES_ERROR;
				CLANG_WARN_RANGE_LOOP_ANALYSIS = YES;
				CLANG_WARN_STRICT_PROTOTYPES = YES;
				CLANG_WARN_SUSPICIOUS_MOVE = YES;
				CLANG_WARN_UNGUARDED_AVAILABILITY = YES_AGGRESSIVE;
				CLANG_WARN_UNREACHABLE_CODE = YES;
				CLANG_WARN__DUPLICATE_METHOD_MATCH = YES;
				COPY_PHASE_STRIP = NO;
				DEBUG_INFORMATION_FORMAT = "dwarf-with-dsym";
				ENABLE_NS_ASSERTIONS = NO;
				ENABLE_STRICT_OBJC_MSGSEND = YES;
				GCC_C_LANGUAGE_STANDARD = gnu11;
				GCC_NO_COMMON_BLOCKS = YES;
				GCC_WARN_64_TO_32_BIT_CONVERSION = YES;
				GCC_WARN_ABOUT_RETURN_TYPE = YES_ERROR;
				GCC_WARN_UNDECLARED_SELECTOR = YES;
				GCC_WARN_UNINITIALIZED_AUTOS = YES_AGGRESSIVE;
				GCC_WARN_UNUSED_FUNCTION = YES;
				GCC_WARN_UNUSED_VARIABLE = YES;
				IPHONEOS_DEPLOYMENT_TARGET = 13.6;
				MTL_ENABLE_DEBUG_INFO = NO;
				MTL_FAST_MATH = YES;
				SDKROOT = iphoneos;
				SWIFT_COMPILATION_MODE = wholemodule;
				SWIFT_OPTIMIZATION_LEVEL = "-O";
				VALIDATE_PRODUCT = YES;
			};
			name = Release;
		};
		8A2B4B0725C58D130022299D /* Debug */ = {
			isa = XCBuildConfiguration;
			baseConfigurationReference = EBDC00C3A44C6B476D436046 /* Pods-Entertainya.debug.xcconfig */;
			buildSettings = {
				ASSETCATALOG_COMPILER_APPICON_NAME = AppIcon;
				CODE_SIGN_STYLE = Automatic;
				DEVELOPMENT_TEAM = D99Z26P27B;
				INFOPLIST_FILE = Entertainya/Info.plist;
				IPHONEOS_DEPLOYMENT_TARGET = 13.6;
				LD_RUNPATH_SEARCH_PATHS = (
					"$(inherited)",
					"@executable_path/Frameworks",
				);
				PRODUCT_BUNDLE_IDENTIFIER = com.karimcordilia.Entertainya;
				PRODUCT_NAME = "$(TARGET_NAME)";
				SWIFT_VERSION = 5.0;
				TARGETED_DEVICE_FAMILY = 1;
			};
			name = Debug;
		};
		8A2B4B0825C58D130022299D /* Release */ = {
			isa = XCBuildConfiguration;
			baseConfigurationReference = 8109A29F31CF21E1792DFDF6 /* Pods-Entertainya.release.xcconfig */;
			buildSettings = {
				ASSETCATALOG_COMPILER_APPICON_NAME = AppIcon;
				CODE_SIGN_STYLE = Automatic;
				DEVELOPMENT_TEAM = D99Z26P27B;
				INFOPLIST_FILE = Entertainya/Info.plist;
				IPHONEOS_DEPLOYMENT_TARGET = 13.6;
				LD_RUNPATH_SEARCH_PATHS = (
					"$(inherited)",
					"@executable_path/Frameworks",
				);
				PRODUCT_BUNDLE_IDENTIFIER = com.karimcordilia.Entertainya;
				PRODUCT_NAME = "$(TARGET_NAME)";
				SWIFT_VERSION = 5.0;
				TARGETED_DEVICE_FAMILY = 1;
			};
			name = Release;
		};
		8A2B4B0A25C58D130022299D /* Debug */ = {
			isa = XCBuildConfiguration;
			baseConfigurationReference = 7BFA831B3F38C8BBDFBC59FB /* Pods-EntertainyaTests.debug.xcconfig */;
			buildSettings = {
				ALWAYS_EMBED_SWIFT_STANDARD_LIBRARIES = YES;
				BUNDLE_LOADER = "$(TEST_HOST)";
				CODE_SIGN_STYLE = Automatic;
				DEVELOPMENT_TEAM = D99Z26P27B;
				INFOPLIST_FILE = EntertainyaTests/Info.plist;
				IPHONEOS_DEPLOYMENT_TARGET = 13.6;
				LD_RUNPATH_SEARCH_PATHS = (
					"$(inherited)",
					"@executable_path/Frameworks",
					"@loader_path/Frameworks",
				);
				PRODUCT_BUNDLE_IDENTIFIER = com.karimcordilia.EntertainyaTests;
				PRODUCT_NAME = "$(TARGET_NAME)";
				SWIFT_VERSION = 5.0;
				TARGETED_DEVICE_FAMILY = "1,2";
				TEST_HOST = "$(BUILT_PRODUCTS_DIR)/Entertainya.app/Entertainya";
			};
			name = Debug;
		};
		8A2B4B0B25C58D130022299D /* Release */ = {
			isa = XCBuildConfiguration;
			baseConfigurationReference = D5876E8606BCE018E08B2904 /* Pods-EntertainyaTests.release.xcconfig */;
			buildSettings = {
				ALWAYS_EMBED_SWIFT_STANDARD_LIBRARIES = YES;
				BUNDLE_LOADER = "$(TEST_HOST)";
				CODE_SIGN_STYLE = Automatic;
				DEVELOPMENT_TEAM = D99Z26P27B;
				INFOPLIST_FILE = EntertainyaTests/Info.plist;
				IPHONEOS_DEPLOYMENT_TARGET = 13.6;
				LD_RUNPATH_SEARCH_PATHS = (
					"$(inherited)",
					"@executable_path/Frameworks",
					"@loader_path/Frameworks",
				);
				PRODUCT_BUNDLE_IDENTIFIER = com.karimcordilia.EntertainyaTests;
				PRODUCT_NAME = "$(TARGET_NAME)";
				SWIFT_VERSION = 5.0;
				TARGETED_DEVICE_FAMILY = "1,2";
				TEST_HOST = "$(BUILT_PRODUCTS_DIR)/Entertainya.app/Entertainya";
			};
			name = Release;
		};
/* End XCBuildConfiguration section */

/* Begin XCConfigurationList section */
		8A2B4AE225C58D0D0022299D /* Build configuration list for PBXProject "Entertainya" */ = {
			isa = XCConfigurationList;
			buildConfigurations = (
				8A2B4B0425C58D130022299D /* Debug */,
				8A2B4B0525C58D130022299D /* Release */,
			);
			defaultConfigurationIsVisible = 0;
			defaultConfigurationName = Release;
		};
		8A2B4B0625C58D130022299D /* Build configuration list for PBXNativeTarget "Entertainya" */ = {
			isa = XCConfigurationList;
			buildConfigurations = (
				8A2B4B0725C58D130022299D /* Debug */,
				8A2B4B0825C58D130022299D /* Release */,
			);
			defaultConfigurationIsVisible = 0;
			defaultConfigurationName = Release;
		};
		8A2B4B0925C58D130022299D /* Build configuration list for PBXNativeTarget "EntertainyaTests" */ = {
			isa = XCConfigurationList;
			buildConfigurations = (
				8A2B4B0A25C58D130022299D /* Debug */,
				8A2B4B0B25C58D130022299D /* Release */,
			);
			defaultConfigurationIsVisible = 0;
			defaultConfigurationName = Release;
		};
/* End XCConfigurationList section */
	};
	rootObject = 8A2B4ADF25C58D0D0022299D /* Project object */;
}
